{
    "_readme": [
        "This file locks the dependencies of your project to a known state",
        "Read more about it at https://getcomposer.org/doc/01-basic-usage.md#installing-dependencies",
        "This file is @generated automatically"
    ],
    "content-hash": "96191c7dee3d880430dc308d0fce94ea",
    "packages": [
        {
            "name": "osmianski/composer-test-docs",
            "version": "dev-master",
            "source": {
                "type": "git",
                "url": "https://github.com/osmianski/composer-test-docs.git",
                "reference": "7bb72bea8de152345fee8c3644b2341133a98b52"
            },
            "dist": {
                "type": "zip",
                "url": "https://api.github.com/repos/osmianski/composer-test-docs/zipball/7bb72bea8de152345fee8c3644b2341133a98b52",
                "reference": "7bb72bea8de152345fee8c3644b2341133a98b52",
                "shasum": ""
            },
            "require": {
                "osmianski/composer-test-framework": "dev-master"
            },
            "type": "library",
            "autoload": {
                "psr-4": {
                    "Test\\Docs\\": "src/"
                }
            },
            "notification-url": "https://packagist.org/downloads/",
            "license": [
                "GPL-3.0-only"
            ],
            "time": "2019-12-05T17:07:58+00:00"
        },
        {
            "name": "osmianski/composer-test-framework",
            "version": "dev-master",
            "source": {
                "type": "git",
                "url": "https://github.com/osmianski/composer-test-framework.git",
                "reference": "b109f9e8eb64bd0965a0db1413f7b4c9015941e3"
            },
            "dist": {
                "type": "zip",
                "url": "https://api.github.com/repos/osmianski/composer-test-framework/zipball/b109f9e8eb64bd0965a0db1413f7b4c9015941e3",
                "reference": "b109f9e8eb64bd0965a0db1413f7b4c9015941e3",
                "shasum": ""
            },
            "type": "library",
            "autoload": {
                "psr-4": {
                    "Test\\Framework\\": "src/"
                }
            },
            "notification-url": "https://packagist.org/downloads/",
            "license": [
                "GPL-3.0-only"
            ],
            "time": "2019-12-05T12:15:07+00:00"
        }
    ],
    "packages-dev": [],
    "aliases": [],
    "minimum-stability": "stable",
    "stability-flags": {
        "osmianski/composer-test-framework": 20,
        "osmianski/composer-test-docs": 20
    },
    "prefer-stable": false,
    "prefer-lowest": false,
    "platform": [],
    "platform-dev": []
}
